
Microsoft Visual Studio Solution File, Format Version 12.00
# Visual Studio Version 17
VisualStudioVersion = 17.3.32825.248
MinimumVisualStudioVersion = 10.0.40219.1
Project("{FAE04EC0-301F-11D3-BF4B-00C04F79EFBC}") = "pratice1101", "pratice1101\pratice1101.csproj", "{9DF90528-5A9C-4CF8-BABD-DA1121BBAEF0}"
EndProject
Global
	GlobalSection(SolutionConfigurationPlatforms) = preSolution
		Debug|Any CPU = Debug|Any CPU
		Release|Any CPU = Release|Any CPU
	EndGlobalSection
	GlobalSection(ProjectConfigurationPlatforms) = postSolution
		{9DF90528-5A9C-4CF8-BABD-DA1121BBAEF0}.Debug|Any CPU.ActiveCfg = Debug|Any CPU
		{9DF90528-5A9C-4CF8-BABD-DA1121BBAEF0}.Debug|Any CPU.Build.0 = Debug|Any CPU
		{9DF90528-5A9C-4CF8-BABD-DA1121BBAEF0}.Release|Any CPU.ActiveCfg = Release|Any CPU
		{9DF90528-5A9C-4CF8-BABD-DA1121BBAEF0}.Release|Any CPU.Build.0 = Release|Any CPU
	EndGlobalSection
	GlobalSection(SolutionProperties) = preSolution
		HideSolutionNode = FALSE
	EndGlobalSection
	GlobalSection(ExtensibilityGlobals) = postSolution
		SolutionGuid = {840DFBDB-4DFB-4374-BE03-BE8D0E432A3D}
	EndGlobalSection
EndGlobal
